
Microsoft Visual Studio Solution File, Format Version 12.00
# Visual Studio 2013
VisualStudioVersion = 12.0.30501.0
MinimumVisualStudioVersion = 10.0.40219.1
Project("{FAE04EC0-301F-11D3-BF4B-00C04F79EFBC}") = "XMLVerification", "XMLVerification\XMLVerification.csproj", "{17DE5FC8-E6B2-4D4A-B352-E26A05F65C15}"
EndProject
Project("{FAE04EC0-301F-11D3-BF4B-00C04F79EFBC}") = "ConsoleApplication1", "ConsoleApplication1\ConsoleApplication1.csproj", "{972D48EA-719E-448E-8774-3C75D04F26E8}"
EndProject
Project("{FAE04EC0-301F-11D3-BF4B-00C04F79EFBC}") = "XMLVerificationTryIt", "XMLVerificationTryIt\XMLVerificationTryIt.csproj", "{460100F4-6430-44E4-960D-0BD7288A66BD}"
	ProjectSection(ProjectDependencies) = postProject
		{17DE5FC8-E6B2-4D4A-B352-E26A05F65C15} = {17DE5FC8-E6B2-4D4A-B352-E26A05F65C15}
	EndProjectSection
EndProject
Global
	GlobalSection(SolutionConfigurationPlatforms) = preSolution
		Debug|Any CPU = Debug|Any CPU
		Release|Any CPU = Release|Any CPU
	EndGlobalSection
	GlobalSection(ProjectConfigurationPlatforms) = postSolution
		{17DE5FC8-E6B2-4D4A-B352-E26A05F65C15}.Debug|Any CPU.ActiveCfg = Debug|Any CPU
		{17DE5FC8-E6B2-4D4A-B352-E26A05F65C15}.Debug|Any CPU.Build.0 = Debug|Any CPU
		{17DE5FC8-E6B2-4D4A-B352-E26A05F65C15}.Release|Any CPU.ActiveCfg = Release|Any CPU
		{17DE5FC8-E6B2-4D4A-B352-E26A05F65C15}.Release|Any CPU.Build.0 = Release|Any CPU
		{972D48EA-719E-448E-8774-3C75D04F26E8}.Debug|Any CPU.ActiveCfg = Debug|Any CPU
		{972D48EA-719E-448E-8774-3C75D04F26E8}.Debug|Any CPU.Build.0 = Debug|Any CPU
		{972D48EA-719E-448E-8774-3C75D04F26E8}.Release|Any CPU.ActiveCfg = Release|Any CPU
		{972D48EA-719E-448E-8774-3C75D04F26E8}.Release|Any CPU.Build.0 = Release|Any CPU
		{460100F4-6430-44E4-960D-0BD7288A66BD}.Debug|Any CPU.ActiveCfg = Debug|Any CPU
		{460100F4-6430-44E4-960D-0BD7288A66BD}.Debug|Any CPU.Build.0 = Debug|Any CPU
		{460100F4-6430-44E4-960D-0BD7288A66BD}.Release|Any CPU.ActiveCfg = Release|Any CPU
		{460100F4-6430-44E4-960D-0BD7288A66BD}.Release|Any CPU.Build.0 = Release|Any CPU
	EndGlobalSection
	GlobalSection(SolutionProperties) = preSolution
		HideSolutionNode = FALSE
	EndGlobalSection
EndGlobal
